
Microsoft Visual Studio Solution File, Format Version 11.00
# Visual Studio 2010
Project("{FAE04EC0-301F-11D3-BF4B-00C04F79EFBC}") = "DesignPattern", "DesignPattern\DesignPattern.csproj", "{C2A05269-E21A-4B61-90AE-2ACF070B8681}"
EndProject
Project("{FAE04EC0-301F-11D3-BF4B-00C04F79EFBC}") = "Abstract Factory", "Abstract Factory\Abstract Factory.csproj", "{D2DDB038-75F1-4F05-95E0-A595F1C4D6CC}"
EndProject
Project("{FAE04EC0-301F-11D3-BF4B-00C04F79EFBC}") = "NotepadLINQ", "NotepadLINQ\NotepadLINQ.csproj", "{6B6780D0-EC1E-4C75-8078-4D9BA3D9A9B4}"
EndProject
Project("{FAE04EC0-301F-11D3-BF4B-00C04F79EFBC}") = "P01_QueryManualLINQ", "P01_QueryManualLINQ\P01_QueryManualLINQ.csproj", "{389576A1-F51A-4E51-B345-906B17662B3B}"
EndProject
Project("{FAE04EC0-301F-11D3-BF4B-00C04F79EFBC}") = "BufferTypeProject", "BufferTypeProject\BufferTypeProject.csproj", "{E8333010-83AE-473F-B15F-4195041F48AE}"
EndProject
Project("{FAE04EC0-301F-11D3-BF4B-00C04F79EFBC}") = "ProxyStructure", "ProxyStructure\ProxyStructure.csproj", "{9578F712-A662-4CF2-827A-71C3FA1F5443}"
EndProject
Project("{FAE04EC0-301F-11D3-BF4B-00C04F79EFBC}") = "P02_MoneyPacificBUS", "MoneyPacificBUS\P02_MoneyPacificBUS.csproj", "{6A634636-66B1-47F8-BCD9-7B48BA040F28}"
EndProject
Project("{FAE04EC0-301F-11D3-BF4B-00C04F79EFBC}") = "P3_FirstOrDefault", "P3_FirstOrDefault\P3_FirstOrDefault.csproj", "{80C97741-2A9F-4906-B0D5-B4CEC2BB9BAA}"
EndProject
Project("{FAE04EC0-301F-11D3-BF4B-00C04F79EFBC}") = "SimpleLinqToSQL", "SimpleLinqToSQL\SimpleLinqToSQL.csproj", "{18299584-D5C0-4F77-9773-12F2812E8157}"
EndProject
Project("{FAE04EC0-301F-11D3-BF4B-00C04F79EFBC}") = "SimpleLinqToSQL_02", "SimpleLinqToSQL_02\SimpleLinqToSQL_02.csproj", "{166882BA-0F3C-43DF-A17E-5F6FB3CCDF29}"
EndProject
Project("{FAE04EC0-301F-11D3-BF4B-00C04F79EFBC}") = "P3_LinQ_MoneyPacific", "P3_LinQ_MoneyPacific\P3_LinQ_MoneyPacific.csproj", "{D5464BF3-236C-41AB-B1B0-696064112320}"
EndProject
Project("{FAE04EC0-301F-11D3-BF4B-00C04F79EFBC}") = "BuilderStructure", "BuilderStructure\BuilderStructure.csproj", "{90DA9367-42E7-471D-9216-0918D8265E37}"
EndProject
Project("{FAE04EC0-301F-11D3-BF4B-00C04F79EFBC}") = "P3_ProxyStructure02", "P3_ProxyStructure02\P3_ProxyStructure02.csproj", "{1C272642-B76B-40BD-A983-2B7E86EAA956}"
EndProject
Project("{FAE04EC0-301F-11D3-BF4B-00C04F79EFBC}") = "MPCommand", "MPCommand\MPCommand.csproj", "{328A8CE4-491F-468F-86FD-B73662DC66E9}"
EndProject
Project("{FAE04EC0-301F-11D3-BF4B-00C04F79EFBC}") = "P4_Command", "P4_Command\P4_Command.csproj", "{16F1B7AB-C447-417A-B128-9A34642CBE49}"
EndProject
Project("{FAE04EC0-301F-11D3-BF4B-00C04F79EFBC}") = "P5_AbstractFactory", "P5_AbstractFactory\P5_AbstractFactory.csproj", "{B7AAD44E-75E2-4299-9751-C5BF10C562D4}"
EndProject
Project("{FAE04EC0-301F-11D3-BF4B-00C04F79EFBC}") = "P6_Builder", "P6_Builder\P6_Builder.csproj", "{ACC62943-F11A-44A9-AB5E-E75D0C0B4E86}"
EndProject
Project("{FAE04EC0-301F-11D3-BF4B-00C04F79EFBC}") = "P7_MPPlugin", "P7_MPPlugin\P7_MPPlugin.csproj", "{82069B19-0989-4F5F-8027-BC112FCD4649}"
EndProject
Project("{FAE04EC0-301F-11D3-BF4B-00C04F79EFBC}") = "FactoryMethod", "FactoryMethod\FactoryMethod.csproj", "{FCE9741B-5B4D-4296-AAB8-38C9FF7BED1A}"
EndProject
Project("{FAE04EC0-301F-11D3-BF4B-00C04F79EFBC}") = "P4_Command02", "P4_Command02\P4_Command02.csproj", "{5A376F1D-4DA6-4FB1-8D62-38813AA0FDFB}"
EndProject
Project("{2150E333-8FDC-42A3-9474-1A3956D46DE8}") = "Solution Items", "Solution Items", "{0EEC1035-741B-467E-AEF6-7B9D2F11A408}"
	ProjectSection(SolutionItems) = preProject
		bh.txt = bh.txt
		lyr.txt = lyr.txt
	EndProjectSection
EndProject
Project("{FAE04EC0-301F-11D3-BF4B-00C04F79EFBC}") = "P4_CommandMP", "P4_CommandMP\P4_CommandMP.csproj", "{F93E8D56-5DEA-4A99-90A4-6F962DB8BFA3}"
EndProject
Project("{FAE04EC0-301F-11D3-BF4B-00C04F79EFBC}") = "P8_Prototype", "P8_Prototype\P8_Prototype.csproj", "{E23BD9B6-AFA0-47B3-977D-C5FE88406CE4}"
EndProject
Project("{FAE04EC0-301F-11D3-BF4B-00C04F79EFBC}") = "P9_Prototype", "P9_Prototype\P9_Prototype.csproj", "{EFC63641-4506-41A5-AEF3-B546D6E386C8}"
EndProject
Project("{FAE04EC0-301F-11D3-BF4B-00C04F79EFBC}") = "P10_BuilderSanXuatXe", "P10_BuilderSanXuatXe\P10_BuilderSanXuatXe.csproj", "{1B09C260-4173-48B0-B4D4-2C3147A3A755}"
EndProject
Global
	GlobalSection(SolutionConfigurationPlatforms) = preSolution
		Debug|Any CPU = Debug|Any CPU
		Debug|Mixed Platforms = Debug|Mixed Platforms
		Debug|x86 = Debug|x86
		Release|Any CPU = Release|Any CPU
		Release|Mixed Platforms = Release|Mixed Platforms
		Release|x86 = Release|x86
	EndGlobalSection
	GlobalSection(ProjectConfigurationPlatforms) = postSolution
		{C2A05269-E21A-4B61-90AE-2ACF070B8681}.Debug|Any CPU.ActiveCfg = Debug|x86
		{C2A05269-E21A-4B61-90AE-2ACF070B8681}.Debug|Mixed Platforms.ActiveCfg = Debug|x86
		{C2A05269-E21A-4B61-90AE-2ACF070B8681}.Debug|Mixed Platforms.Build.0 = Debug|x86
		{C2A05269-E21A-4B61-90AE-2ACF070B8681}.Debug|x86.ActiveCfg = Debug|x86
		{C2A05269-E21A-4B61-90AE-2ACF070B8681}.Debug|x86.Build.0 = Debug|x86
		{C2A05269-E21A-4B61-90AE-2ACF070B8681}.Release|Any CPU.ActiveCfg = Release|x86
		{C2A05269-E21A-4B61-90AE-2ACF070B8681}.Release|Mixed Platforms.ActiveCfg = Release|x86
		{C2A05269-E21A-4B61-90AE-2ACF070B8681}.Release|Mixed Platforms.Build.0 = Release|x86
		{C2A05269-E21A-4B61-90AE-2ACF070B8681}.Release|x86.ActiveCfg = Release|x86
		{C2A05269-E21A-4B61-90AE-2ACF070B8681}.Release|x86.Build.0 = Release|x86
		{D2DDB038-75F1-4F05-95E0-A595F1C4D6CC}.Debug|Any CPU.ActiveCfg = Debug|x86
		{D2DDB038-75F1-4F05-95E0-A595F1C4D6CC}.Debug|Mixed Platforms.ActiveCfg = Debug|x86
		{D2DDB038-75F1-4F05-95E0-A595F1C4D6CC}.Debug|Mixed Platforms.Build.0 = Debug|x86
		{D2DDB038-75F1-4F05-95E0-A595F1C4D6CC}.Debug|x86.ActiveCfg = Debug|x86
		{D2DDB038-75F1-4F05-95E0-A595F1C4D6CC}.Debug|x86.Build.0 = Debug|x86
		{D2DDB038-75F1-4F05-95E0-A595F1C4D6CC}.Release|Any CPU.ActiveCfg = Release|x86
		{D2DDB038-75F1-4F05-95E0-A595F1C4D6CC}.Release|Mixed Platforms.ActiveCfg = Release|x86
		{D2DDB038-75F1-4F05-95E0-A595F1C4D6CC}.Release|Mixed Platforms.Build.0 = Release|x86
		{D2DDB038-75F1-4F05-95E0-A595F1C4D6CC}.Release|x86.ActiveCfg = Release|x86
		{D2DDB038-75F1-4F05-95E0-A595F1C4D6CC}.Release|x86.Build.0 = Release|x86
		{6B6780D0-EC1E-4C75-8078-4D9BA3D9A9B4}.Debug|Any CPU.ActiveCfg = Debug|x86
		{6B6780D0-EC1E-4C75-8078-4D9BA3D9A9B4}.Debug|Mixed Platforms.ActiveCfg = Debug|x86
		{6B6780D0-EC1E-4C75-8078-4D9BA3D9A9B4}.Debug|Mixed Platforms.Build.0 = Debug|x86
		{6B6780D0-EC1E-4C75-8078-4D9BA3D9A9B4}.Debug|x86.ActiveCfg = Debug|x86
		{6B6780D0-EC1E-4C75-8078-4D9BA3D9A9B4}.Debug|x86.Build.0 = Debug|x86
		{6B6780D0-EC1E-4C75-8078-4D9BA3D9A9B4}.Release|Any CPU.ActiveCfg = Release|x86
		{6B6780D0-EC1E-4C75-8078-4D9BA3D9A9B4}.Release|Mixed Platforms.ActiveCfg = Release|x86
		{6B6780D0-EC1E-4C75-8078-4D9BA3D9A9B4}.Release|Mixed Platforms.Build.0 = Release|x86
		{6B6780D0-EC1E-4C75-8078-4D9BA3D9A9B4}.Release|x86.ActiveCfg = Release|x86
		{6B6780D0-EC1E-4C75-8078-4D9BA3D9A9B4}.Release|x86.Build.0 = Release|x86
		{389576A1-F51A-4E51-B345-906B17662B3B}.Debug|Any CPU.ActiveCfg = Debug|x86
		{389576A1-F51A-4E51-B345-906B17662B3B}.Debug|Mixed Platforms.ActiveCfg = Debug|x86
		{389576A1-F51A-4E51-B345-906B17662B3B}.Debug|Mixed Platforms.Build.0 = Debug|x86
		{389576A1-F51A-4E51-B345-906B17662B3B}.Debug|x86.ActiveCfg = Debug|x86
		{389576A1-F51A-4E51-B345-906B17662B3B}.Debug|x86.Build.0 = Debug|x86
		{389576A1-F51A-4E51-B345-906B17662B3B}.Release|Any CPU.ActiveCfg = Release|x86
		{389576A1-F51A-4E51-B345-906B17662B3B}.Release|Mixed Platforms.ActiveCfg = Release|x86
		{389576A1-F51A-4E51-B345-906B17662B3B}.Release|Mixed Platforms.Build.0 = Release|x86
		{389576A1-F51A-4E51-B345-906B17662B3B}.Release|x86.ActiveCfg = Release|x86
		{389576A1-F51A-4E51-B345-906B17662B3B}.Release|x86.Build.0 = Release|x86
		{E8333010-83AE-473F-B15F-4195041F48AE}.Debug|Any CPU.ActiveCfg = Debug|x86
		{E8333010-83AE-473F-B15F-4195041F48AE}.Debug|Mixed Platforms.ActiveCfg = Debug|x86
		{E8333010-83AE-473F-B15F-4195041F48AE}.Debug|Mixed Platforms.Build.0 = Debug|x86
		{E8333010-83AE-473F-B15F-4195041F48AE}.Debug|x86.ActiveCfg = Debug|x86
		{E8333010-83AE-473F-B15F-4195041F48AE}.Debug|x86.Build.0 = Debug|x86
		{E8333010-83AE-473F-B15F-4195041F48AE}.Release|Any CPU.ActiveCfg = Release|x86
		{E8333010-83AE-473F-B15F-4195041F48AE}.Release|Mixed Platforms.ActiveCfg = Release|x86
		{E8333010-83AE-473F-B15F-4195041F48AE}.Release|Mixed Platforms.Build.0 = Release|x86
		{E8333010-83AE-473F-B15F-4195041F48AE}.Release|x86.ActiveCfg = Release|x86
		{E8333010-83AE-473F-B15F-4195041F48AE}.Release|x86.Build.0 = Release|x86
		{9578F712-A662-4CF2-827A-71C3FA1F5443}.Debug|Any CPU.ActiveCfg = Debug|x86
		{9578F712-A662-4CF2-827A-71C3FA1F5443}.Debug|Mixed Platforms.ActiveCfg = Debug|x86
		{9578F712-A662-4CF2-827A-71C3FA1F5443}.Debug|Mixed Platforms.Build.0 = Debug|x86
		{9578F712-A662-4CF2-827A-71C3FA1F5443}.Debug|x86.ActiveCfg = Debug|x86
		{9578F712-A662-4CF2-827A-71C3FA1F5443}.Debug|x86.Build.0 = Debug|x86
		{9578F712-A662-4CF2-827A-71C3FA1F5443}.Release|Any CPU.ActiveCfg = Release|x86
		{9578F712-A662-4CF2-827A-71C3FA1F5443}.Release|Mixed Platforms.ActiveCfg = Release|x86
		{9578F712-A662-4CF2-827A-71C3FA1F5443}.Release|Mixed Platforms.Build.0 = Release|x86
		{9578F712-A662-4CF2-827A-71C3FA1F5443}.Release|x86.ActiveCfg = Release|x86
		{9578F712-A662-4CF2-827A-71C3FA1F5443}.Release|x86.Build.0 = Release|x86
		{6A634636-66B1-47F8-BCD9-7B48BA040F28}.Debug|Any CPU.ActiveCfg = Debug|x86
		{6A634636-66B1-47F8-BCD9-7B48BA040F28}.Debug|Mixed Platforms.ActiveCfg = Debug|x86
		{6A634636-66B1-47F8-BCD9-7B48BA040F28}.Debug|Mixed Platforms.Build.0 = Debug|x86
		{6A634636-66B1-47F8-BCD9-7B48BA040F28}.Debug|x86.ActiveCfg = Debug|x86
		{6A634636-66B1-47F8-BCD9-7B48BA040F28}.Debug|x86.Build.0 = Debug|x86
		{6A634636-66B1-47F8-BCD9-7B48BA040F28}.Release|Any CPU.ActiveCfg = Release|x86
		{6A634636-66B1-47F8-BCD9-7B48BA040F28}.Release|Mixed Platforms.ActiveCfg = Release|x86
		{6A634636-66B1-47F8-BCD9-7B48BA040F28}.Release|Mixed Platforms.Build.0 = Release|x86
		{6A634636-66B1-47F8-BCD9-7B48BA040F28}.Release|x86.ActiveCfg = Release|x86
		{6A634636-66B1-47F8-BCD9-7B48BA040F28}.Release|x86.Build.0 = Release|x86
		{80C97741-2A9F-4906-B0D5-B4CEC2BB9BAA}.Debug|Any CPU.ActiveCfg = Debug|x86
		{80C97741-2A9F-4906-B0D5-B4CEC2BB9BAA}.Debug|Mixed Platforms.ActiveCfg = Debug|x86
		{80C97741-2A9F-4906-B0D5-B4CEC2BB9BAA}.Debug|Mixed Platforms.Build.0 = Debug|x86
		{80C97741-2A9F-4906-B0D5-B4CEC2BB9BAA}.Debug|x86.ActiveCfg = Debug|x86
		{80C97741-2A9F-4906-B0D5-B4CEC2BB9BAA}.Debug|x86.Build.0 = Debug|x86
		{80C97741-2A9F-4906-B0D5-B4CEC2BB9BAA}.Release|Any CPU.ActiveCfg = Release|x86
		{80C97741-2A9F-4906-B0D5-B4CEC2BB9BAA}.Release|Mixed Platforms.ActiveCfg = Release|x86
		{80C97741-2A9F-4906-B0D5-B4CEC2BB9BAA}.Release|Mixed Platforms.Build.0 = Release|x86
		{80C97741-2A9F-4906-B0D5-B4CEC2BB9BAA}.Release|x86.ActiveCfg = Release|x86
		{80C97741-2A9F-4906-B0D5-B4CEC2BB9BAA}.Release|x86.Build.0 = Release|x86
		{18299584-D5C0-4F77-9773-12F2812E8157}.Debug|Any CPU.ActiveCfg = Debug|x86
		{18299584-D5C0-4F77-9773-12F2812E8157}.Debug|Mixed Platforms.ActiveCfg = Debug|x86
		{18299584-D5C0-4F77-9773-12F2812E8157}.Debug|Mixed Platforms.Build.0 = Debug|x86
		{18299584-D5C0-4F77-9773-12F2812E8157}.Debug|x86.ActiveCfg = Debug|x86
		{18299584-D5C0-4F77-9773-12F2812E8157}.Debug|x86.Build.0 = Debug|x86
		{18299584-D5C0-4F77-9773-12F2812E8157}.Release|Any CPU.ActiveCfg = Release|x86
		{18299584-D5C0-4F77-9773-12F2812E8157}.Release|Mixed Platforms.ActiveCfg = Release|x86
		{18299584-D5C0-4F77-9773-12F2812E8157}.Release|Mixed Platforms.Build.0 = Release|x86
		{18299584-D5C0-4F77-9773-12F2812E8157}.Release|x86.ActiveCfg = Release|x86
		{18299584-D5C0-4F77-9773-12F2812E8157}.Release|x86.Build.0 = Release|x86
		{166882BA-0F3C-43DF-A17E-5F6FB3CCDF29}.Debug|Any CPU.ActiveCfg = Debug|x86
		{166882BA-0F3C-43DF-A17E-5F6FB3CCDF29}.Debug|Mixed Platforms.ActiveCfg = Debug|x86
		{166882BA-0F3C-43DF-A17E-5F6FB3CCDF29}.Debug|Mixed Platforms.Build.0 = Debug|x86
		{166882BA-0F3C-43DF-A17E-5F6FB3CCDF29}.Debug|x86.ActiveCfg = Debug|x86
		{166882BA-0F3C-43DF-A17E-5F6FB3CCDF29}.Debug|x86.Build.0 = Debug|x86
		{166882BA-0F3C-43DF-A17E-5F6FB3CCDF29}.Release|Any CPU.ActiveCfg = Release|x86
		{166882BA-0F3C-43DF-A17E-5F6FB3CCDF29}.Release|Mixed Platforms.ActiveCfg = Release|x86
		{166882BA-0F3C-43DF-A17E-5F6FB3CCDF29}.Release|Mixed Platforms.Build.0 = Release|x86
		{166882BA-0F3C-43DF-A17E-5F6FB3CCDF29}.Release|x86.ActiveCfg = Release|x86
		{166882BA-0F3C-43DF-A17E-5F6FB3CCDF29}.Release|x86.Build.0 = Release|x86
		{D5464BF3-236C-41AB-B1B0-696064112320}.Debug|Any CPU.ActiveCfg = Debug|x86
		{D5464BF3-236C-41AB-B1B0-696064112320}.Debug|Mixed Platforms.ActiveCfg = Debug|x86
		{D5464BF3-236C-41AB-B1B0-696064112320}.Debug|Mixed Platforms.Build.0 = Debug|x86
		{D5464BF3-236C-41AB-B1B0-696064112320}.Debug|x86.ActiveCfg = Debug|x86
		{D5464BF3-236C-41AB-B1B0-696064112320}.Debug|x86.Build.0 = Debug|x86
		{D5464BF3-236C-41AB-B1B0-696064112320}.Release|Any CPU.ActiveCfg = Release|x86
		{D5464BF3-236C-41AB-B1B0-696064112320}.Release|Mixed Platforms.ActiveCfg = Release|x86
		{D5464BF3-236C-41AB-B1B0-696064112320}.Release|Mixed Platforms.Build.0 = Release|x86
		{D5464BF3-236C-41AB-B1B0-696064112320}.Release|x86.ActiveCfg = Release|x86
		{D5464BF3-236C-41AB-B1B0-696064112320}.Release|x86.Build.0 = Release|x86
		{90DA9367-42E7-471D-9216-0918D8265E37}.Debug|Any CPU.ActiveCfg = Debug|x86
		{90DA9367-42E7-471D-9216-0918D8265E37}.Debug|Mixed Platforms.ActiveCfg = Debug|x86
		{90DA9367-42E7-471D-9216-0918D8265E37}.Debug|Mixed Platforms.Build.0 = Debug|x86
		{90DA9367-42E7-471D-9216-0918D8265E37}.Debug|x86.ActiveCfg = Debug|x86
		{90DA9367-42E7-471D-9216-0918D8265E37}.Debug|x86.Build.0 = Debug|x86
		{90DA9367-42E7-471D-9216-0918D8265E37}.Release|Any CPU.ActiveCfg = Release|x86
		{90DA9367-42E7-471D-9216-0918D8265E37}.Release|Mixed Platforms.ActiveCfg = Release|x86
		{90DA9367-42E7-471D-9216-0918D8265E37}.Release|Mixed Platforms.Build.0 = Release|x86
		{90DA9367-42E7-471D-9216-0918D8265E37}.Release|x86.ActiveCfg = Release|x86
		{90DA9367-42E7-471D-9216-0918D8265E37}.Release|x86.Build.0 = Release|x86
		{1C272642-B76B-40BD-A983-2B7E86EAA956}.Debug|Any CPU.ActiveCfg = Debug|x86
		{1C272642-B76B-40BD-A983-2B7E86EAA956}.Debug|Mixed Platforms.ActiveCfg = Debug|x86
		{1C272642-B76B-40BD-A983-2B7E86EAA956}.Debug|Mixed Platforms.Build.0 = Debug|x86
		{1C272642-B76B-40BD-A983-2B7E86EAA956}.Debug|x86.ActiveCfg = Debug|x86
		{1C272642-B76B-40BD-A983-2B7E86EAA956}.Debug|x86.Build.0 = Debug|x86
		{1C272642-B76B-40BD-A983-2B7E86EAA956}.Release|Any CPU.ActiveCfg = Release|x86
		{1C272642-B76B-40BD-A983-2B7E86EAA956}.Release|Mixed Platforms.ActiveCfg = Release|x86
		{1C272642-B76B-40BD-A983-2B7E86EAA956}.Release|Mixed Platforms.Build.0 = Release|x86
		{1C272642-B76B-40BD-A983-2B7E86EAA956}.Release|x86.ActiveCfg = Release|x86
		{1C272642-B76B-40BD-A983-2B7E86EAA956}.Release|x86.Build.0 = Release|x86
		{328A8CE4-491F-468F-86FD-B73662DC66E9}.Debug|Any CPU.ActiveCfg = Debug|x86
		{328A8CE4-491F-468F-86FD-B73662DC66E9}.Debug|Mixed Platforms.ActiveCfg = Debug|x86
		{328A8CE4-491F-468F-86FD-B73662DC66E9}.Debug|Mixed Platforms.Build.0 = Debug|x86
		{328A8CE4-491F-468F-86FD-B73662DC66E9}.Debug|x86.ActiveCfg = Debug|x86
		{328A8CE4-491F-468F-86FD-B73662DC66E9}.Debug|x86.Build.0 = Debug|x86
		{328A8CE4-491F-468F-86FD-B73662DC66E9}.Release|Any CPU.ActiveCfg = Release|x86
		{328A8CE4-491F-468F-86FD-B73662DC66E9}.Release|Mixed Platforms.ActiveCfg = Release|x86
		{328A8CE4-491F-468F-86FD-B73662DC66E9}.Release|Mixed Platforms.Build.0 = Release|x86
		{328A8CE4-491F-468F-86FD-B73662DC66E9}.Release|x86.ActiveCfg = Release|x86
		{328A8CE4-491F-468F-86FD-B73662DC66E9}.Release|x86.Build.0 = Release|x86
		{16F1B7AB-C447-417A-B128-9A34642CBE49}.Debug|Any CPU.ActiveCfg = Debug|x86
		{16F1B7AB-C447-417A-B128-9A34642CBE49}.Debug|Mixed Platforms.ActiveCfg = Debug|x86
		{16F1B7AB-C447-417A-B128-9A34642CBE49}.Debug|Mixed Platforms.Build.0 = Debug|x86
		{16F1B7AB-C447-417A-B128-9A34642CBE49}.Debug|x86.ActiveCfg = Debug|x86
		{16F1B7AB-C447-417A-B128-9A34642CBE49}.Debug|x86.Build.0 = Debug|x86
		{16F1B7AB-C447-417A-B128-9A34642CBE49}.Release|Any CPU.ActiveCfg = Release|x86
		{16F1B7AB-C447-417A-B128-9A34642CBE49}.Release|Mixed Platforms.ActiveCfg = Release|x86
		{16F1B7AB-C447-417A-B128-9A34642CBE49}.Release|Mixed Platforms.Build.0 = Release|x86
		{16F1B7AB-C447-417A-B128-9A34642CBE49}.Release|x86.ActiveCfg = Release|x86
		{16F1B7AB-C447-417A-B128-9A34642CBE49}.Release|x86.Build.0 = Release|x86
		{B7AAD44E-75E2-4299-9751-C5BF10C562D4}.Debug|Any CPU.ActiveCfg = Debug|x86
		{B7AAD44E-75E2-4299-9751-C5BF10C562D4}.Debug|Mixed Platforms.ActiveCfg = Debug|x86
		{B7AAD44E-75E2-4299-9751-C5BF10C562D4}.Debug|Mixed Platforms.Build.0 = Debug|x86
		{B7AAD44E-75E2-4299-9751-C5BF10C562D4}.Debug|x86.ActiveCfg = Debug|x86
		{B7AAD44E-75E2-4299-9751-C5BF10C562D4}.Debug|x86.Build.0 = Debug|x86
		{B7AAD44E-75E2-4299-9751-C5BF10C562D4}.Release|Any CPU.ActiveCfg = Release|x86
		{B7AAD44E-75E2-4299-9751-C5BF10C562D4}.Release|Mixed Platforms.ActiveCfg = Release|x86
		{B7AAD44E-75E2-4299-9751-C5BF10C562D4}.Release|Mixed Platforms.Build.0 = Release|x86
		{B7AAD44E-75E2-4299-9751-C5BF10C562D4}.Release|x86.ActiveCfg = Release|x86
		{B7AAD44E-75E2-4299-9751-C5BF10C562D4}.Release|x86.Build.0 = Release|x86
		{ACC62943-F11A-44A9-AB5E-E75D0C0B4E86}.Debug|Any CPU.ActiveCfg = Debug|x86
		{ACC62943-F11A-44A9-AB5E-E75D0C0B4E86}.Debug|Mixed Platforms.ActiveCfg = Debug|x86
		{ACC62943-F11A-44A9-AB5E-E75D0C0B4E86}.Debug|Mixed Platforms.Build.0 = Debug|x86
		{ACC62943-F11A-44A9-AB5E-E75D0C0B4E86}.Debug|x86.ActiveCfg = Debug|x86
		{ACC62943-F11A-44A9-AB5E-E75D0C0B4E86}.Debug|x86.Build.0 = Debug|x86
		{ACC62943-F11A-44A9-AB5E-E75D0C0B4E86}.Release|Any CPU.ActiveCfg = Release|x86
		{ACC62943-F11A-44A9-AB5E-E75D0C0B4E86}.Release|Mixed Platforms.ActiveCfg = Release|x86
		{ACC62943-F11A-44A9-AB5E-E75D0C0B4E86}.Release|Mixed Platforms.Build.0 = Release|x86
		{ACC62943-F11A-44A9-AB5E-E75D0C0B4E86}.Release|x86.ActiveCfg = Release|x86
		{ACC62943-F11A-44A9-AB5E-E75D0C0B4E86}.Release|x86.Build.0 = Release|x86
		{82069B19-0989-4F5F-8027-BC112FCD4649}.Debug|Any CPU.ActiveCfg = Debug|x86
		{82069B19-0989-4F5F-8027-BC112FCD4649}.Debug|Mixed Platforms.ActiveCfg = Debug|x86
		{82069B19-0989-4F5F-8027-BC112FCD4649}.Debug|Mixed Platforms.Build.0 = Debug|x86
		{82069B19-0989-4F5F-8027-BC112FCD4649}.Debug|x86.ActiveCfg = Debug|x86
		{82069B19-0989-4F5F-8027-BC112FCD4649}.Debug|x86.Build.0 = Debug|x86
		{82069B19-0989-4F5F-8027-BC112FCD4649}.Release|Any CPU.ActiveCfg = Release|x86
		{82069B19-0989-4F5F-8027-BC112FCD4649}.Release|Mixed Platforms.ActiveCfg = Release|x86
		{82069B19-0989-4F5F-8027-BC112FCD4649}.Release|Mixed Platforms.Build.0 = Release|x86
		{82069B19-0989-4F5F-8027-BC112FCD4649}.Release|x86.ActiveCfg = Release|x86
		{82069B19-0989-4F5F-8027-BC112FCD4649}.Release|x86.Build.0 = Release|x86
		{FCE9741B-5B4D-4296-AAB8-38C9FF7BED1A}.Debug|Any CPU.ActiveCfg = Debug|x86
		{FCE9741B-5B4D-4296-AAB8-38C9FF7BED1A}.Debug|Mixed Platforms.ActiveCfg = Debug|x86
		{FCE9741B-5B4D-4296-AAB8-38C9FF7BED1A}.Debug|Mixed Platforms.Build.0 = Debug|x86
		{FCE9741B-5B4D-4296-AAB8-38C9FF7BED1A}.Debug|x86.ActiveCfg = Debug|x86
		{FCE9741B-5B4D-4296-AAB8-38C9FF7BED1A}.Debug|x86.Build.0 = Debug|x86
		{FCE9741B-5B4D-4296-AAB8-38C9FF7BED1A}.Release|Any CPU.ActiveCfg = Release|x86
		{FCE9741B-5B4D-4296-AAB8-38C9FF7BED1A}.Release|Mixed Platforms.ActiveCfg = Release|x86
		{FCE9741B-5B4D-4296-AAB8-38C9FF7BED1A}.Release|Mixed Platforms.Build.0 = Release|x86
		{FCE9741B-5B4D-4296-AAB8-38C9FF7BED1A}.Release|x86.ActiveCfg = Release|x86
		{FCE9741B-5B4D-4296-AAB8-38C9FF7BED1A}.Release|x86.Build.0 = Release|x86
		{5A376F1D-4DA6-4FB1-8D62-38813AA0FDFB}.Debug|Any CPU.ActiveCfg = Debug|x86
		{5A376F1D-4DA6-4FB1-8D62-38813AA0FDFB}.Debug|Mixed Platforms.ActiveCfg = Debug|x86
		{5A376F1D-4DA6-4FB1-8D62-38813AA0FDFB}.Debug|Mixed Platforms.Build.0 = Debug|x86
		{5A376F1D-4DA6-4FB1-8D62-38813AA0FDFB}.Debug|x86.ActiveCfg = Debug|x86
		{5A376F1D-4DA6-4FB1-8D62-38813AA0FDFB}.Debug|x86.Build.0 = Debug|x86
		{5A376F1D-4DA6-4FB1-8D62-38813AA0FDFB}.Release|Any CPU.ActiveCfg = Release|x86
		{5A376F1D-4DA6-4FB1-8D62-38813AA0FDFB}.Release|Mixed Platforms.ActiveCfg = Release|x86
		{5A376F1D-4DA6-4FB1-8D62-38813AA0FDFB}.Release|Mixed Platforms.Build.0 = Release|x86
		{5A376F1D-4DA6-4FB1-8D62-38813AA0FDFB}.Release|x86.ActiveCfg = Release|x86
		{5A376F1D-4DA6-4FB1-8D62-38813AA0FDFB}.Release|x86.Build.0 = Release|x86
		{F93E8D56-5DEA-4A99-90A4-6F962DB8BFA3}.Debug|Any CPU.ActiveCfg = Debug|x86
		{F93E8D56-5DEA-4A99-90A4-6F962DB8BFA3}.Debug|Mixed Platforms.ActiveCfg = Debug|x86
		{F93E8D56-5DEA-4A99-90A4-6F962DB8BFA3}.Debug|Mixed Platforms.Build.0 = Debug|x86
		{F93E8D56-5DEA-4A99-90A4-6F962DB8BFA3}.Debug|x86.ActiveCfg = Debug|x86
		{F93E8D56-5DEA-4A99-90A4-6F962DB8BFA3}.Debug|x86.Build.0 = Debug|x86
		{F93E8D56-5DEA-4A99-90A4-6F962DB8BFA3}.Release|Any CPU.ActiveCfg = Release|x86
		{F93E8D56-5DEA-4A99-90A4-6F962DB8BFA3}.Release|Mixed Platforms.ActiveCfg = Release|x86
		{F93E8D56-5DEA-4A99-90A4-6F962DB8BFA3}.Release|Mixed Platforms.Build.0 = Release|x86
		{F93E8D56-5DEA-4A99-90A4-6F962DB8BFA3}.Release|x86.ActiveCfg = Release|x86
		{F93E8D56-5DEA-4A99-90A4-6F962DB8BFA3}.Release|x86.Build.0 = Release|x86
		{E23BD9B6-AFA0-47B3-977D-C5FE88406CE4}.Debug|Any CPU.ActiveCfg = Debug|x86
		{E23BD9B6-AFA0-47B3-977D-C5FE88406CE4}.Debug|Mixed Platforms.ActiveCfg = Debug|x86
		{E23BD9B6-AFA0-47B3-977D-C5FE88406CE4}.Debug|Mixed Platforms.Build.0 = Debug|x86
		{E23BD9B6-AFA0-47B3-977D-C5FE88406CE4}.Debug|x86.ActiveCfg = Debug|x86
		{E23BD9B6-AFA0-47B3-977D-C5FE88406CE4}.Debug|x86.Build.0 = Debug|x86
		{E23BD9B6-AFA0-47B3-977D-C5FE88406CE4}.Release|Any CPU.ActiveCfg = Release|x86
		{E23BD9B6-AFA0-47B3-977D-C5FE88406CE4}.Release|Mixed Platforms.ActiveCfg = Release|x86
		{E23BD9B6-AFA0-47B3-977D-C5FE88406CE4}.Release|Mixed Platforms.Build.0 = Release|x86
		{E23BD9B6-AFA0-47B3-977D-C5FE88406CE4}.Release|x86.ActiveCfg = Release|x86
		{E23BD9B6-AFA0-47B3-977D-C5FE88406CE4}.Release|x86.Build.0 = Release|x86
		{EFC63641-4506-41A5-AEF3-B546D6E386C8}.Debug|Any CPU.ActiveCfg = Debug|x86
		{EFC63641-4506-41A5-AEF3-B546D6E386C8}.Debug|Mixed Platforms.ActiveCfg = Debug|x86
		{EFC63641-4506-41A5-AEF3-B546D6E386C8}.Debug|Mixed Platforms.Build.0 = Debug|x86
		{EFC63641-4506-41A5-AEF3-B546D6E386C8}.Debug|x86.ActiveCfg = Debug|x86
		{EFC63641-4506-41A5-AEF3-B546D6E386C8}.Debug|x86.Build.0 = Debug|x86
		{EFC63641-4506-41A5-AEF3-B546D6E386C8}.Release|Any CPU.ActiveCfg = Release|x86
		{EFC63641-4506-41A5-AEF3-B546D6E386C8}.Release|Mixed Platforms.ActiveCfg = Release|x86
		{EFC63641-4506-41A5-AEF3-B546D6E386C8}.Release|Mixed Platforms.Build.0 = Release|x86
		{EFC63641-4506-41A5-AEF3-B546D6E386C8}.Release|x86.ActiveCfg = Release|x86
		{EFC63641-4506-41A5-AEF3-B546D6E386C8}.Release|x86.Build.0 = Release|x86
		{1B09C260-4173-48B0-B4D4-2C3147A3A755}.Debug|Any CPU.ActiveCfg = Debug|x86
		{1B09C260-4173-48B0-B4D4-2C3147A3A755}.Debug|Mixed Platforms.ActiveCfg = Debug|x86
		{1B09C260-4173-48B0-B4D4-2C3147A3A755}.Debug|Mixed Platforms.Build.0 = Debug|x86
		{1B09C260-4173-48B0-B4D4-2C3147A3A755}.Debug|x86.ActiveCfg = Debug|x86
		{1B09C260-4173-48B0-B4D4-2C3147A3A755}.Debug|x86.Build.0 = Debug|x86
		{1B09C260-4173-48B0-B4D4-2C3147A3A755}.Release|Any CPU.ActiveCfg = Release|x86
		{1B09C260-4173-48B0-B4D4-2C3147A3A755}.Release|Mixed Platforms.ActiveCfg = Release|x86
		{1B09C260-4173-48B0-B4D4-2C3147A3A755}.Release|Mixed Platforms.Build.0 = Release|x86
		{1B09C260-4173-48B0-B4D4-2C3147A3A755}.Release|x86.ActiveCfg = Release|x86
		{1B09C260-4173-48B0-B4D4-2C3147A3A755}.Release|x86.Build.0 = Release|x86
	EndGlobalSection
	GlobalSection(SolutionProperties) = preSolution
		HideSolutionNode = FALSE
	EndGlobalSection
EndGlobal
