
Microsoft Visual Studio Solution File, Format Version 11.00
# Visual Studio 2010
Project("{FAE04EC0-301F-11D3-BF4B-00C04F79EFBC}") = "P4_MoneyPacificSite", "P4_MoneyPacificSite\P4_MoneyPacificSite.csproj", "{2F0926A8-1F34-43E0-A05F-FCC7246D5C1A}"
EndProject
Project("{FAE04EC0-301F-11D3-BF4B-00C04F79EFBC}") = "GeneratorPacificCode", "..\GeneratorPacificCode\GeneratorPacificCode\GeneratorPacificCode.csproj", "{F9F1DDC8-4897-477F-9C9A-FDB6E0D580FE}"
EndProject
Global
	GlobalSection(SolutionConfigurationPlatforms) = preSolution
		Debug|Any CPU = Debug|Any CPU
		Release|Any CPU = Release|Any CPU
	EndGlobalSection
	GlobalSection(ProjectConfigurationPlatforms) = postSolution
		{2F0926A8-1F34-43E0-A05F-FCC7246D5C1A}.Debug|Any CPU.ActiveCfg = Debug|Any CPU
		{2F0926A8-1F34-43E0-A05F-FCC7246D5C1A}.Debug|Any CPU.Build.0 = Debug|Any CPU
		{2F0926A8-1F34-43E0-A05F-FCC7246D5C1A}.Release|Any CPU.ActiveCfg = Release|Any CPU
		{2F0926A8-1F34-43E0-A05F-FCC7246D5C1A}.Release|Any CPU.Build.0 = Release|Any CPU
		{F9F1DDC8-4897-477F-9C9A-FDB6E0D580FE}.Debug|Any CPU.ActiveCfg = Debug|Any CPU
		{F9F1DDC8-4897-477F-9C9A-FDB6E0D580FE}.Debug|Any CPU.Build.0 = Debug|Any CPU
		{F9F1DDC8-4897-477F-9C9A-FDB6E0D580FE}.Release|Any CPU.ActiveCfg = Release|Any CPU
		{F9F1DDC8-4897-477F-9C9A-FDB6E0D580FE}.Release|Any CPU.Build.0 = Release|Any CPU
	EndGlobalSection
	GlobalSection(SolutionProperties) = preSolution
		HideSolutionNode = FALSE
	EndGlobalSection
EndGlobal
