
Microsoft Visual Studio Solution File, Format Version 10.00
# Visual Studio 2008
Project("{FAE04EC0-301F-11D3-BF4B-00C04F79EFBC}") = "P10_clrtrigger_vs2k8", "P10_clrtrigger_vs2k8\P10_clrtrigger_vs2k8.csproj", "{10EEFA4B-9EE7-4CA5-8F74-7AE87DF42ED7}"
EndProject
Global
	GlobalSection(SolutionConfigurationPlatforms) = preSolution
		Debug|Any CPU = Debug|Any CPU
		Release|Any CPU = Release|Any CPU
	EndGlobalSection
	GlobalSection(ProjectConfigurationPlatforms) = postSolution
		{10EEFA4B-9EE7-4CA5-8F74-7AE87DF42ED7}.Debug|Any CPU.ActiveCfg = Debug|Any CPU
		{10EEFA4B-9EE7-4CA5-8F74-7AE87DF42ED7}.Debug|Any CPU.Build.0 = Debug|Any CPU
		{10EEFA4B-9EE7-4CA5-8F74-7AE87DF42ED7}.Release|Any CPU.ActiveCfg = Release|Any CPU
		{10EEFA4B-9EE7-4CA5-8F74-7AE87DF42ED7}.Release|Any CPU.Build.0 = Release|Any CPU
	EndGlobalSection
	GlobalSection(SolutionProperties) = preSolution
		HideSolutionNode = FALSE
	EndGlobalSection
EndGlobal
