
Microsoft Visual Studio Solution File, Format Version 11.00
# Visual Studio 2010
Project("{FAE04EC0-301F-11D3-BF4B-00C04F79EFBC}") = "MoneyPacificService", "MoneyPacificService.csproj", "{EF6C2114-7C68-4A16-A516-2B71E2DDD563}"
EndProject
Project("{FAE04EC0-301F-11D3-BF4B-00C04F79EFBC}") = "MPDataAccess", "..\MPDataAccess\MPDataAccess.csproj", "{9E132A3D-4F8D-43B9-91C4-2733D046B8CD}"
EndProject
Global
	GlobalSection(SolutionConfigurationPlatforms) = preSolution
		Debug|Any CPU = Debug|Any CPU
		Release|Any CPU = Release|Any CPU
	EndGlobalSection
	GlobalSection(ProjectConfigurationPlatforms) = postSolution
		{EF6C2114-7C68-4A16-A516-2B71E2DDD563}.Debug|Any CPU.ActiveCfg = Debug|Any CPU
		{EF6C2114-7C68-4A16-A516-2B71E2DDD563}.Debug|Any CPU.Build.0 = Debug|Any CPU
		{EF6C2114-7C68-4A16-A516-2B71E2DDD563}.Release|Any CPU.ActiveCfg = Release|Any CPU
		{EF6C2114-7C68-4A16-A516-2B71E2DDD563}.Release|Any CPU.Build.0 = Release|Any CPU
		{9E132A3D-4F8D-43B9-91C4-2733D046B8CD}.Debug|Any CPU.ActiveCfg = Debug|Any CPU
		{9E132A3D-4F8D-43B9-91C4-2733D046B8CD}.Debug|Any CPU.Build.0 = Debug|Any CPU
		{9E132A3D-4F8D-43B9-91C4-2733D046B8CD}.Release|Any CPU.ActiveCfg = Release|Any CPU
		{9E132A3D-4F8D-43B9-91C4-2733D046B8CD}.Release|Any CPU.Build.0 = Release|Any CPU
	EndGlobalSection
	GlobalSection(SolutionProperties) = preSolution
		HideSolutionNode = FALSE
	EndGlobalSection
EndGlobal
