
Microsoft Visual Studio Solution File, Format Version 11.00
# Visual Studio 2010
Project("{FAE04EC0-301F-11D3-BF4B-00C04F79EFBC}") = "F01_MoneyPacificUserRole", "F01_MoneyPacificUserRole\F01_MoneyPacificUserRole.csproj", "{B353F74C-AEAD-43B8-B49C-38AC91CE1316}"
EndProject
Global
	GlobalSection(SolutionConfigurationPlatforms) = preSolution
		Debug|Any CPU = Debug|Any CPU
		Release|Any CPU = Release|Any CPU
	EndGlobalSection
	GlobalSection(ProjectConfigurationPlatforms) = postSolution
		{B353F74C-AEAD-43B8-B49C-38AC91CE1316}.Debug|Any CPU.ActiveCfg = Debug|Any CPU
		{B353F74C-AEAD-43B8-B49C-38AC91CE1316}.Debug|Any CPU.Build.0 = Debug|Any CPU
		{B353F74C-AEAD-43B8-B49C-38AC91CE1316}.Release|Any CPU.ActiveCfg = Release|Any CPU
		{B353F74C-AEAD-43B8-B49C-38AC91CE1316}.Release|Any CPU.Build.0 = Release|Any CPU
	EndGlobalSection
	GlobalSection(SolutionProperties) = preSolution
		HideSolutionNode = FALSE
	EndGlobalSection
EndGlobal
